
Microsoft Visual Studio Solution File, Format Version 12.00
# Visual Studio Version 16
VisualStudioVersion = 16.0.30717.126
MinimumVisualStudioVersion = 10.0.40219.1
Project("{FAE04EC0-301F-11D3-BF4B-00C04F79EFBC}") = "TestingRole", "TestingRole\TestingRole.csproj", "{2EDD57B8-CEDF-431F-B0D6-8ECDD75F1D8B}"
EndProject
Global
	GlobalSection(SolutionConfigurationPlatforms) = preSolution
		Debug|Any CPU = Debug|Any CPU
		Release|Any CPU = Release|Any CPU
	EndGlobalSection
	GlobalSection(ProjectConfigurationPlatforms) = postSolution
		{2EDD57B8-CEDF-431F-B0D6-8ECDD75F1D8B}.Debug|Any CPU.ActiveCfg = Debug|Any CPU
		{2EDD57B8-CEDF-431F-B0D6-8ECDD75F1D8B}.Debug|Any CPU.Build.0 = Debug|Any CPU
		{2EDD57B8-CEDF-431F-B0D6-8ECDD75F1D8B}.Release|Any CPU.ActiveCfg = Release|Any CPU
		{2EDD57B8-CEDF-431F-B0D6-8ECDD75F1D8B}.Release|Any CPU.Build.0 = Release|Any CPU
	EndGlobalSection
	GlobalSection(SolutionProperties) = preSolution
		HideSolutionNode = FALSE
	EndGlobalSection
	GlobalSection(ExtensibilityGlobals) = postSolution
		SolutionGuid = {D4CEA4BE-24F4-41EE-8945-22EE28E44D9A}
	EndGlobalSection
EndGlobal
